// !$*UTF8*$!
{
	archiveVersion = 1;
	classes = {
	};
	objectVersion = 48;
	objects = {

/* Begin PBXBuildFile section */
		0BF7204F3F0D1D99205F2D88 /* Pods_Todoey.framework in Frameworks */ = {isa = PBXBuildFile; fileRef = E6D776267E3EE37A4AD79EF1 /* Pods_Todoey.framework */; };
		FD1B5C6C2043A70100D3D6FE /* AppDelegate.swift in Sources */ = {isa = PBXBuildFile; fileRef = FD1B5C6B2043A70100D3D6FE /* AppDelegate.swift */; };
		FD1B5C6E2043A70100D3D6FE /* TodoListViewController.swift in Sources */ = {isa = PBXBuildFile; fileRef = FD1B5C6D2043A70100D3D6FE /* TodoListViewController.swift */; };
		FD1B5C712043A70100D3D6FE /* Main.storyboard in Resources */ = {isa = PBXBuildFile; fileRef = FD1B5C6F2043A70100D3D6FE /* Main.storyboard */; };
		FD1B5C732043A70100D3D6FE /* Assets.xcassets in Resources */ = {isa = PBXBuildFile; fileRef = FD1B5C722043A70100D3D6FE /* Assets.xcassets */; };
		FD1B5C762043A70100D3D6FE /* LaunchScreen.storyboard in Resources */ = {isa = PBXBuildFile; fileRef = FD1B5C742043A70100D3D6FE /* LaunchScreen.storyboard */; };
		FD1B5CAD2043F53400D3D6FE /* DataModel.xcdatamodeld in Sources */ = {isa = PBXBuildFile; fileRef = FD1B5CAB2043F53400D3D6FE /* DataModel.xcdatamodeld */; };
		FD1B5CAF20440E8E00D3D6FE /* CategoryViewController.swift in Sources */ = {isa = PBXBuildFile; fileRef = FD1B5CAE20440E8E00D3D6FE /* CategoryViewController.swift */; };
/* End PBXBuildFile section */

/* Begin PBXFileReference section */
		999AC6509D74D1D3187ECC75 /* Pods-Todoey.release.xcconfig */ = {isa = PBXFileReference; includeInIndex = 1; lastKnownFileType = text.xcconfig; name = "Pods-Todoey.release.xcconfig"; path = "Pods/Target Support Files/Pods-Todoey/Pods-Todoey.release.xcconfig"; sourceTree = "<group>"; };
		E6D776267E3EE37A4AD79EF1 /* Pods_Todoey.framework */ = {isa = PBXFileReference; explicitFileType = wrapper.framework; includeInIndex = 0; path = Pods_Todoey.framework; sourceTree = BUILT_PRODUCTS_DIR; };
		E9AC2B80FBDE784DFBFE6443 /* Pods-Todoey.debug.xcconfig */ = {isa = PBXFileReference; includeInIndex = 1; lastKnownFileType = text.xcconfig; name = "Pods-Todoey.debug.xcconfig"; path = "Pods/Target Support Files/Pods-Todoey/Pods-Todoey.debug.xcconfig"; sourceTree = "<group>"; };
		FD1B5C682043A70100D3D6FE /* Todoey.app */ = {isa = PBXFileReference; explicitFileType = wrapper.application; includeInIndex = 0; path = Todoey.app; sourceTree = BUILT_PRODUCTS_DIR; };
		FD1B5C6B2043A70100D3D6FE /* AppDelegate.swift */ = {isa = PBXFileReference; lastKnownFileType = sourcecode.swift; path = AppDelegate.swift; sourceTree = "<group>"; };
		FD1B5C6D2043A70100D3D6FE /* TodoListViewController.swift */ = {isa = PBXFileReference; lastKnownFileType = sourcecode.swift; path = TodoListViewController.swift; sourceTree = "<group>"; };
		FD1B5C702043A70100D3D6FE /* Base */ = {isa = PBXFileReference; lastKnownFileType = file.storyboard; name = Base; path = Base.lproj/Main.storyboard; sourceTree = "<group>"; };
		FD1B5C722043A70100D3D6FE /* Assets.xcassets */ = {isa = PBXFileReference; lastKnownFileType = folder.assetcatalog; path = Assets.xcassets; sourceTree = "<group>"; };
		FD1B5C752043A70100D3D6FE /* Base */ = {isa = PBXFileReference; lastKnownFileType = file.storyboard; name = Base; path = Base.lproj/LaunchScreen.storyboard; sourceTree = "<group>"; };
		FD1B5C772043A70100D3D6FE /* Info.plist */ = {isa = PBXFileReference; lastKnownFileType = text.plist.xml; path = Info.plist; sourceTree = "<group>"; };
		FD1B5CAC2043F53400D3D6FE /* DataModel.xcdatamodel */ = {isa = PBXFileReference; lastKnownFileType = wrapper.xcdatamodel; path = DataModel.xcdatamodel; sourceTree = "<group>"; };
		FD1B5CAE20440E8E00D3D6FE /* CategoryViewController.swift */ = {isa = PBXFileReference; lastKnownFileType = sourcecode.swift; path = CategoryViewController.swift; sourceTree = "<group>"; };
/* End PBXFileReference section */

/* Begin PBXFrameworksBuildPhase section */
		FD1B5C652043A70100D3D6FE /* Frameworks */ = {
			isa = PBXFrameworksBuildPhase;
			buildActionMask = 2147483647;
			files = (
				0BF7204F3F0D1D99205F2D88 /* Pods_Todoey.framework in Frameworks */,
			);
			runOnlyForDeploymentPostprocessing = 0;
		};
/* End PBXFrameworksBuildPhase section */

/* Begin PBXGroup section */
		3FEF39AEC14FA2BCE9896469 /* Frameworks */ = {
			isa = PBXGroup;
			children = (
				E6D776267E3EE37A4AD79EF1 /* Pods_Todoey.framework */,
			);
			name = Frameworks;
			sourceTree = "<group>";
		};
		C6CAADFC8E4E03642AC7F853 /* Pods */ = {
			isa = PBXGroup;
			children = (
				E9AC2B80FBDE784DFBFE6443 /* Pods-Todoey.debug.xcconfig */,
				999AC6509D74D1D3187ECC75 /* Pods-Todoey.release.xcconfig */,
			);
			name = Pods;
			sourceTree = "<group>";
		};
		FD1B5C5F2043A70100D3D6FE = {
			isa = PBXGroup;
			children = (
				FD1B5C6A2043A70100D3D6FE /* Todoey */,
				FD1B5C692043A70100D3D6FE /* Products */,
				C6CAADFC8E4E03642AC7F853 /* Pods */,
				3FEF39AEC14FA2BCE9896469 /* Frameworks */,
			);
			sourceTree = "<group>";
		};
		FD1B5C692043A70100D3D6FE /* Products */ = {
			isa = PBXGroup;
			children = (
				FD1B5C682043A70100D3D6FE /* Todoey.app */,
			);
			name = Products;
			sourceTree = "<group>";
		};
		FD1B5C6A2043A70100D3D6FE /* Todoey */ = {
			isa = PBXGroup;
			children = (
				FD1B5C6B2043A70100D3D6FE /* AppDelegate.swift */,
				FD1B5C802043D86F00D3D6FE /* Controller */,
				FD1B5C812043D87E00D3D6FE /* Views */,
				FD1B5C822043D88B00D3D6FE /* Supporting Files */,
				FD1B5C772043A70100D3D6FE /* Info.plist */,
				FD1B5C7F2043D82E00D3D6FE /* Data Model */,
			);
			path = Todoey;
			sourceTree = "<group>";
		};
		FD1B5C7F2043D82E00D3D6FE /* Data Model */ = {
			isa = PBXGroup;
			children = (
				FD1B5CAB2043F53400D3D6FE /* DataModel.xcdatamodeld */,
			);
			path = "Data Model";
			sourceTree = "<group>";
		};
		FD1B5C802043D86F00D3D6FE /* Controller */ = {
			isa = PBXGroup;
			children = (
				FD1B5CAE20440E8E00D3D6FE /* CategoryViewController.swift */,
				FD1B5C6D2043A70100D3D6FE /* TodoListViewController.swift */,
			);
			path = Controller;
			sourceTree = "<group>";
		};
		FD1B5C812043D87E00D3D6FE /* Views */ = {
			isa = PBXGroup;
			children = (
				FD1B5C6F2043A70100D3D6FE /* Main.storyboard */,
			);
			path = Views;
			sourceTree = "<group>";
		};
		FD1B5C822043D88B00D3D6FE /* Supporting Files */ = {
			isa = PBXGroup;
			children = (
				FD1B5C722043A70100D3D6FE /* Assets.xcassets */,
				FD1B5C742043A70100D3D6FE /* LaunchScreen.storyboard */,
			);
			path = "Supporting Files";
			sourceTree = "<group>";
		};
/* End PBXGroup section */

/* Begin PBXNativeTarget section */
		FD1B5C672043A70100D3D6FE /* Todoey */ = {
			isa = PBXNativeTarget;
			buildConfigurationList = FD1B5C7A2043A70100D3D6FE /* Build configuration list for PBXNativeTarget "Todoey" */;
			buildPhases = (
				E7E2D9EEC33DEB867EA7B09D /* [CP] Check Pods Manifest.lock */,
				FD1B5C642043A70100D3D6FE /* Sources */,
				FD1B5C652043A70100D3D6FE /* Frameworks */,
				FD1B5C662043A70100D3D6FE /* Resources */,
				9893BEA8EE96973C5056281B /* [CP] Embed Pods Frameworks */,
				665E6813510B4A855E6C0C2A /* [CP] Copy Pods Resources */,
			);
			buildRules = (
			);
			dependencies = (
			);
			name = Todoey;
			productName = Todoey;
			productReference = FD1B5C682043A70100D3D6FE /* Todoey.app */;
			productType = "com.apple.product-type.application";
		};
/* End PBXNativeTarget section */

/* Begin PBXProject section */
		FD1B5C602043A70100D3D6FE /* Project object */ = {
			isa = PBXProject;
			attributes = {
				LastSwiftUpdateCheck = 0920;
				LastUpgradeCheck = 0920;
				ORGANIZATIONNAME = "Sherome Hardison";
				TargetAttributes = {
					FD1B5C672043A70100D3D6FE = {
						CreatedOnToolsVersion = 9.2;
						ProvisioningStyle = Automatic;
					};
				};
			};
			buildConfigurationList = FD1B5C632043A70100D3D6FE /* Build configuration list for PBXProject "Todoey" */;
			compatibilityVersion = "Xcode 8.0";
			developmentRegion = en;
			hasScannedForEncodings = 0;
			knownRegions = (
				en,
				Base,
			);
			mainGroup = FD1B5C5F2043A70100D3D6FE;
			productRefGroup = FD1B5C692043A70100D3D6FE /* Products */;
			projectDirPath = "";
			projectRoot = "";
			targets = (
				FD1B5C672043A70100D3D6FE /* Todoey */,
			);
		};
/* End PBXProject section */

/* Begin PBXResourcesBuildPhase section */
		FD1B5C662043A70100D3D6FE /* Resources */ = {
			isa = PBXResourcesBuildPhase;
			buildActionMask = 2147483647;
			files = (
				FD1B5C762043A70100D3D6FE /* LaunchScreen.storyboard in Resources */,
				FD1B5C732043A70100D3D6FE /* Assets.xcassets in Resources */,
				FD1B5C712043A70100D3D6FE /* Main.storyboard in Resources */,
			);
			runOnlyForDeploymentPostprocessing = 0;
		};
/* End PBXResourcesBuildPhase section */

/* Begin PBXShellScriptBuildPhase section */
		665E6813510B4A855E6C0C2A /* [CP] Copy Pods Resources */ = {
			isa = PBXShellScriptBuildPhase;
			buildActionMask = 2147483647;
			files = (
			);
			inputPaths = (
			);
			name = "[CP] Copy Pods Resources";
			outputPaths = (
			);
			runOnlyForDeploymentPostprocessing = 0;
			shellPath = /bin/sh;
			shellScript = "\"${SRCROOT}/Pods/Target Support Files/Pods-Todoey/Pods-Todoey-resources.sh\"\n";
			showEnvVarsInLog = 0;
		};
		9893BEA8EE96973C5056281B /* [CP] Embed Pods Frameworks */ = {
			isa = PBXShellScriptBuildPhase;
			buildActionMask = 2147483647;
			files = (
			);
			inputPaths = (
				"${SRCROOT}/Pods/Target Support Files/Pods-Todoey/Pods-Todoey-frameworks.sh",
				"${BUILT_PRODUCTS_DIR}/Realm/Realm.framework",
				"${BUILT_PRODUCTS_DIR}/RealmSwift/RealmSwift.framework",
			);
			name = "[CP] Embed Pods Frameworks";
			outputPaths = (
				"${TARGET_BUILD_DIR}/${FRAMEWORKS_FOLDER_PATH}/Realm.framework",
				"${TARGET_BUILD_DIR}/${FRAMEWORKS_FOLDER_PATH}/RealmSwift.framework",
			);
			runOnlyForDeploymentPostprocessing = 0;
			shellPath = /bin/sh;
			shellScript = "\"${SRCROOT}/Pods/Target Support Files/Pods-Todoey/Pods-Todoey-frameworks.sh\"\n";
			showEnvVarsInLog = 0;
		};
		E7E2D9EEC33DEB867EA7B09D /* [CP] Check Pods Manifest.lock */ = {
			isa = PBXShellScriptBuildPhase;
			buildActionMask = 2147483647;
			files = (
			);
			inputPaths = (
				"${PODS_PODFILE_DIR_PATH}/Podfile.lock",
				"${PODS_ROOT}/Manifest.lock",
			);
			name = "[CP] Check Pods Manifest.lock";
			outputPaths = (
				"$(DERIVED_FILE_DIR)/Pods-Todoey-checkManifestLockResult.txt",
			);
			runOnlyForDeploymentPostprocessing = 0;
			shellPath = /bin/sh;
			shellScript = "diff \"${PODS_PODFILE_DIR_PATH}/Podfile.lock\" \"${PODS_ROOT}/Manifest.lock\" > /dev/null\nif [ $? != 0 ] ; then\n    # print error to STDERR\n    echo \"error: The sandbox is not in sync with the Podfile.lock. Run 'pod install' or update your CocoaPods installation.\" >&2\n    exit 1\nfi\n# This output is used by Xcode 'outputs' to avoid re-running this script phase.\necho \"SUCCESS\" > \"${SCRIPT_OUTPUT_FILE_0}\"\n";
			showEnvVarsInLog = 0;
		};
/* End PBXShellScriptBuildPhase section */

/* Begin PBXSourcesBuildPhase section */
		FD1B5C642043A70100D3D6FE /* Sources */ = {
			isa = PBXSourcesBuildPhase;
			buildActionMask = 2147483647;
			files = (
				FD1B5CAF20440E8E00D3D6FE /* CategoryViewController.swift in Sources */,
				FD1B5C6E2043A70100D3D6FE /* TodoListViewController.swift in Sources */,
				FD1B5CAD2043F53400D3D6FE /* DataModel.xcdatamodeld in Sources */,
				FD1B5C6C2043A70100D3D6FE /* AppDelegate.swift in Sources */,
			);
			runOnlyForDeploymentPostprocessing = 0;
		};
/* End PBXSourcesBuildPhase section */

/* Begin PBXVariantGroup section */
		FD1B5C6F2043A70100D3D6FE /* Main.storyboard */ = {
			isa = PBXVariantGroup;
			children = (
				FD1B5C702043A70100D3D6FE /* Base */,
			);
			name = Main.storyboard;
			sourceTree = "<group>";
		};
		FD1B5C742043A70100D3D6FE /* LaunchScreen.storyboard */ = {
			isa = PBXVariantGroup;
			children = (
				FD1B5C752043A70100D3D6FE /* Base */,
			);
			name = LaunchScreen.storyboard;
			sourceTree = "<group>";
		};
/* End PBXVariantGroup section */

/* Begin XCBuildConfiguration section */
		FD1B5C782043A70100D3D6FE /* Debug */ = {
			isa = XCBuildConfiguration;
			buildSettings = {
				ALWAYS_SEARCH_USER_PATHS = NO;
				CLANG_ANALYZER_NONNULL = YES;
				CLANG_ANALYZER_NUMBER_OBJECT_CONVERSION = YES_AGGRESSIVE;
				CLANG_CXX_LANGUAGE_STANDARD = "gnu++14";
				CLANG_CXX_LIBRARY = "libc++";
				CLANG_ENABLE_MODULES = YES;
				CLANG_ENABLE_OBJC_ARC = YES;
				CLANG_WARN_BLOCK_CAPTURE_AUTORELEASING = YES;
				CLANG_WARN_BOOL_CONVERSION = YES;
				CLANG_WARN_COMMA = YES;
				CLANG_WARN_CONSTANT_CONVERSION = YES;
				CLANG_WARN_DIRECT_OBJC_ISA_USAGE = YES_ERROR;
				CLANG_WARN_DOCUMENTATION_COMMENTS = YES;
				CLANG_WARN_EMPTY_BODY = YES;
				CLANG_WARN_ENUM_CONVERSION = YES;
				CLANG_WARN_INFINITE_RECURSION = YES;
				CLANG_WARN_INT_CONVERSION = YES;
				CLANG_WARN_NON_LITERAL_NULL_CONVERSION = YES;
				CLANG_WARN_OBJC_LITERAL_CONVERSION = YES;
				CLANG_WARN_OBJC_ROOT_CLASS = YES_ERROR;
				CLANG_WARN_RANGE_LOOP_ANALYSIS = YES;
				CLANG_WARN_STRICT_PROTOTYPES = YES;
				CLANG_WARN_SUSPICIOUS_MOVE = YES;
				CLANG_WARN_UNGUARDED_AVAILABILITY = YES_AGGRESSIVE;
				CLANG_WARN_UNREACHABLE_CODE = YES;
				CLANG_WARN__DUPLICATE_METHOD_MATCH = YES;
				CODE_SIGN_IDENTITY = "iPhone Developer";
				COPY_PHASE_STRIP = NO;
				DEBUG_INFORMATION_FORMAT = dwarf;
				ENABLE_STRICT_OBJC_MSGSEND = YES;
				ENABLE_TESTABILITY = YES;
				GCC_C_LANGUAGE_STANDARD = gnu11;
				GCC_DYNAMIC_NO_PIC = NO;
				GCC_NO_COMMON_BLOCKS = YES;
				GCC_OPTIMIZATION_LEVEL = 0;
				GCC_PREPROCESSOR_DEFINITIONS = (
					"DEBUG=1",
					"$(inherited)",
				);
				GCC_WARN_64_TO_32_BIT_CONVERSION = YES;
				GCC_WARN_ABOUT_RETURN_TYPE = YES_ERROR;
				GCC_WARN_UNDECLARED_SELECTOR = YES;
				GCC_WARN_UNINITIALIZED_AUTOS = YES_AGGRESSIVE;
				GCC_WARN_UNUSED_FUNCTION = YES;
				GCC_WARN_UNUSED_VARIABLE = YES;
				IPHONEOS_DEPLOYMENT_TARGET = 11.2;
				MTL_ENABLE_DEBUG_INFO = YES;
				ONLY_ACTIVE_ARCH = YES;
				SDKROOT = iphoneos;
				SWIFT_ACTIVE_COMPILATION_CONDITIONS = DEBUG;
				SWIFT_OPTIMIZATION_LEVEL = "-Onone";
			};
			name = Debug;
		};
		FD1B5C792043A70100D3D6FE /* Release */ = {
			isa = XCBuildConfiguration;
			buildSettings = {
				ALWAYS_SEARCH_USER_PATHS = NO;
				CLANG_ANALYZER_NONNULL = YES;
				CLANG_ANALYZER_NUMBER_OBJECT_CONVERSION = YES_AGGRESSIVE;
				CLANG_CXX_LANGUAGE_STANDARD = "gnu++14";
				CLANG_CXX_LIBRARY = "libc++";
				CLANG_ENABLE_MODULES = YES;
				CLANG_ENABLE_OBJC_ARC = YES;
				CLANG_WARN_BLOCK_CAPTURE_AUTORELEASING = YES;
				CLANG_WARN_BOOL_CONVERSION = YES;
				CLANG_WARN_COMMA = YES;
				CLANG_WARN_CONSTANT_CONVERSION = YES;
				CLANG_WARN_DIRECT_OBJC_ISA_USAGE = YES_ERROR;
				CLANG_WARN_DOCUMENTATION_COMMENTS = YES;
				CLANG_WARN_EMPTY_BODY = YES;
				CLANG_WARN_ENUM_CONVERSION = YES;
				CLANG_WARN_INFINITE_RECURSION = YES;
				CLANG_WARN_INT_CONVERSION = YES;
				CLANG_WARN_NON_LITERAL_NULL_CONVERSION = YES;
				CLANG_WARN_OBJC_LITERAL_CONVERSION = YES;
				CLANG_WARN_OBJC_ROOT_CLASS = YES_ERROR;
				CLANG_WARN_RANGE_LOOP_ANALYSIS = YES;
				CLANG_WARN_STRICT_PROTOTYPES = YES;
				CLANG_WARN_SUSPICIOUS_MOVE = YES;
				CLANG_WARN_UNGUARDED_AVAILABILITY = YES_AGGRESSIVE;
				CLANG_WARN_UNREACHABLE_CODE = YES;
				CLANG_WARN__DUPLICATE_METHOD_MATCH = YES;
				CODE_SIGN_IDENTITY = "iPhone Developer";
				COPY_PHASE_STRIP = NO;
				DEBUG_INFORMATION_FORMAT = "dwarf-with-dsym";
				ENABLE_NS_ASSERTIONS = NO;
				ENABLE_STRICT_OBJC_MSGSEND = YES;
				GCC_C_LANGUAGE_STANDARD = gnu11;
				GCC_NO_COMMON_BLOCKS = YES;
				GCC_WARN_64_TO_32_BIT_CONVERSION = YES;
				GCC_WARN_ABOUT_RETURN_TYPE = YES_ERROR;
				GCC_WARN_UNDECLARED_SELECTOR = YES;
				GCC_WARN_UNINITIALIZED_AUTOS = YES_AGGRESSIVE;
				GCC_WARN_UNUSED_FUNCTION = YES;
				GCC_WARN_UNUSED_VARIABLE = YES;
				IPHONEOS_DEPLOYMENT_TARGET = 11.2;
				MTL_ENABLE_DEBUG_INFO = NO;
				SDKROOT = iphoneos;
				SWIFT_OPTIMIZATION_LEVEL = "-Owholemodule";
				VALIDATE_PRODUCT = YES;
			};
			name = Release;
		};
		FD1B5C7B2043A70100D3D6FE /* Debug */ = {
			isa = XCBuildConfiguration;
			baseConfigurationReference = E9AC2B80FBDE784DFBFE6443 /* Pods-Todoey.debug.xcconfig */;
			buildSettings = {
				ASSETCATALOG_COMPILER_APPICON_NAME = AppIcon;
				CODE_SIGN_STYLE = Automatic;
				INFOPLIST_FILE = Todoey/Info.plist;
				LD_RUNPATH_SEARCH_PATHS = "$(inherited) @executable_path/Frameworks";
				PRODUCT_BUNDLE_IDENTIFIER = com.shmediaworks.Todoey;
				PRODUCT_NAME = "$(TARGET_NAME)";
				SWIFT_VERSION = 4.0;
				TARGETED_DEVICE_FAMILY = "1,2";
			};
			name = Debug;
		};
		FD1B5C7C2043A70100D3D6FE /* Release */ = {
			isa = XCBuildConfiguration;
			baseConfigurationReference = 999AC6509D74D1D3187ECC75 /* Pods-Todoey.release.xcconfig */;
			buildSettings = {
				ASSETCATALOG_COMPILER_APPICON_NAME = AppIcon;
				CODE_SIGN_STYLE = Automatic;
				INFOPLIST_FILE = Todoey/Info.plist;
				LD_RUNPATH_SEARCH_PATHS = "$(inherited) @executable_path/Frameworks";
				PRODUCT_BUNDLE_IDENTIFIER = com.shmediaworks.Todoey;
				PRODUCT_NAME = "$(TARGET_NAME)";
				SWIFT_VERSION = 4.0;
				TARGETED_DEVICE_FAMILY = "1,2";
			};
			name = Release;
		};
/* End XCBuildConfiguration section */

/* Begin XCConfigurationList section */
		FD1B5C632043A70100D3D6FE /* Build configuration list for PBXProject "Todoey" */ = {
			isa = XCConfigurationList;
			buildConfigurations = (
				FD1B5C782043A70100D3D6FE /* Debug */,
				FD1B5C792043A70100D3D6FE /* Release */,
			);
			defaultConfigurationIsVisible = 0;
			defaultConfigurationName = Release;
		};
		FD1B5C7A2043A70100D3D6FE /* Build configuration list for PBXNativeTarget "Todoey" */ = {
			isa = XCConfigurationList;
			buildConfigurations = (
				FD1B5C7B2043A70100D3D6FE /* Debug */,
				FD1B5C7C2043A70100D3D6FE /* Release */,
			);
			defaultConfigurationIsVisible = 0;
			defaultConfigurationName = Release;
		};
/* End XCConfigurationList section */

/* Begin XCVersionGroup section */
		FD1B5CAB2043F53400D3D6FE /* DataModel.xcdatamodeld */ = {
			isa = XCVersionGroup;
			children = (
				FD1B5CAC2043F53400D3D6FE /* DataModel.xcdatamodel */,
			);
			currentVersion = FD1B5CAC2043F53400D3D6FE /* DataModel.xcdatamodel */;
			path = DataModel.xcdatamodeld;
			sourceTree = "<group>";
			versionGroupType = wrapper.xcdatamodel;
		};
/* End XCVersionGroup section */
	};
	rootObject = FD1B5C602043A70100D3D6FE /* Project object */;
}
